// !$*UTF8*$!
{
	archiveVersion = 1;
	classes = {
	};
	objectVersion = 56;
	objects = {

/* Begin PBXBuildFile section */
		184A60342A289E7800BE925E /* FirstTabbarViewController.swift in Sources */ = {isa = PBXBuildFile; fileRef = 184A60332A289E7800BE925E /* FirstTabbarViewController.swift */; };
		184A60362A289F8000BE925E /* SecondTabbarViewController.swift in Sources */ = {isa = PBXBuildFile; fileRef = 184A60352A289F8000BE925E /* SecondTabbarViewController.swift */; };
		184A60382A28A5AF00BE925E /* ThirdTabbarViewController.swift in Sources */ = {isa = PBXBuildFile; fileRef = 184A60372A28A5AF00BE925E /* ThirdTabbarViewController.swift */; };
		184A603A2A28AFB000BE925E /* RushListViewModel.swift in Sources */ = {isa = PBXBuildFile; fileRef = 184A60392A28AFB000BE925E /* RushListViewModel.swift */; };
		184A603C2A28B5E200BE925E /* BattleViewModel.swift in Sources */ = {isa = PBXBuildFile; fileRef = 184A603B2A28B5E200BE925E /* BattleViewModel.swift */; };
		18B84BC22A27B675003F21CB /* AppDelegate.swift in Sources */ = {isa = PBXBuildFile; fileRef = 18B84BC12A27B675003F21CB /* AppDelegate.swift */; };
		18B84BC42A27B675003F21CB /* SceneDelegate.swift in Sources */ = {isa = PBXBuildFile; fileRef = 18B84BC32A27B675003F21CB /* SceneDelegate.swift */; };
		18B84BC62A27B675003F21CB /* ViewController.swift in Sources */ = {isa = PBXBuildFile; fileRef = 18B84BC52A27B675003F21CB /* ViewController.swift */; };
		18B84BC92A27B675003F21CB /* Main.storyboard in Resources */ = {isa = PBXBuildFile; fileRef = 18B84BC72A27B675003F21CB /* Main.storyboard */; };
		18B84BCB2A27B676003F21CB /* Assets.xcassets in Resources */ = {isa = PBXBuildFile; fileRef = 18B84BCA2A27B676003F21CB /* Assets.xcassets */; };
		18B84BCE2A27B676003F21CB /* LaunchScreen.storyboard in Resources */ = {isa = PBXBuildFile; fileRef = 18B84BCC2A27B676003F21CB /* LaunchScreen.storyboard */; };
		18B84BD62A27B8B9003F21CB /* MyCellTableViewCell.swift in Sources */ = {isa = PBXBuildFile; fileRef = 18B84BD52A27B8B9003F21CB /* MyCellTableViewCell.swift */; };
		18B84BDF2A27F9DE003F21CB /* LeadersModel.swift in Sources */ = {isa = PBXBuildFile; fileRef = 18B84BDE2A27F9DE003F21CB /* LeadersModel.swift */; };
		18B84BE12A27FB51003F21CB /* WebService.swift in Sources */ = {isa = PBXBuildFile; fileRef = 18B84BE02A27FB51003F21CB /* WebService.swift */; };
		18B84BE32A2801F6003F21CB /* DailyListViewModel.swift in Sources */ = {isa = PBXBuildFile; fileRef = 18B84BE22A2801F6003F21CB /* DailyListViewModel.swift */; };
		18B84BE62A2806DA003F21CB /* Kingfisher in Frameworks */ = {isa = PBXBuildFile; productRef = 18B84BE52A2806DA003F21CB /* Kingfisher */; };
/* End PBXBuildFile section */

/* Begin PBXFileReference section */
		184A60332A289E7800BE925E /* FirstTabbarViewController.swift */ = {isa = PBXFileReference; lastKnownFileType = sourcecode.swift; path = FirstTabbarViewController.swift; sourceTree = "<group>"; };
		184A60352A289F8000BE925E /* SecondTabbarViewController.swift */ = {isa = PBXFileReference; lastKnownFileType = sourcecode.swift; path = SecondTabbarViewController.swift; sourceTree = "<group>"; };
		184A60372A28A5AF00BE925E /* ThirdTabbarViewController.swift */ = {isa = PBXFileReference; lastKnownFileType = sourcecode.swift; path = ThirdTabbarViewController.swift; sourceTree = "<group>"; };
		184A60392A28AFB000BE925E /* RushListViewModel.swift */ = {isa = PBXFileReference; lastKnownFileType = sourcecode.swift; path = RushListViewModel.swift; sourceTree = "<group>"; };
		184A603B2A28B5E200BE925E /* BattleViewModel.swift */ = {isa = PBXFileReference; lastKnownFileType = sourcecode.swift; path = BattleViewModel.swift; sourceTree = "<group>"; };
		18B84BBE2A27B675003F21CB /* CheesLeadersMVVM.app */ = {isa = PBXFileReference; explicitFileType = wrapper.application; includeInIndex = 0; path = CheesLeadersMVVM.app; sourceTree = BUILT_PRODUCTS_DIR; };
		18B84BC12A27B675003F21CB /* AppDelegate.swift */ = {isa = PBXFileReference; lastKnownFileType = sourcecode.swift; path = AppDelegate.swift; sourceTree = "<group>"; };
		18B84BC32A27B675003F21CB /* SceneDelegate.swift */ = {isa = PBXFileReference; lastKnownFileType = sourcecode.swift; path = SceneDelegate.swift; sourceTree = "<group>"; };
		18B84BC52A27B675003F21CB /* ViewController.swift */ = {isa = PBXFileReference; lastKnownFileType = sourcecode.swift; path = ViewController.swift; sourceTree = "<group>"; };
		18B84BC82A27B675003F21CB /* Base */ = {isa = PBXFileReference; lastKnownFileType = file.storyboard; name = Base; path = Base.lproj/Main.storyboard; sourceTree = "<group>"; };
		18B84BCA2A27B676003F21CB /* Assets.xcassets */ = {isa = PBXFileReference; lastKnownFileType = folder.assetcatalog; path = Assets.xcassets; sourceTree = "<group>"; };
		18B84BCD2A27B676003F21CB /* Base */ = {isa = PBXFileReference; lastKnownFileType = file.storyboard; name = Base; path = Base.lproj/LaunchScreen.storyboard; sourceTree = "<group>"; };
		18B84BCF2A27B676003F21CB /* Info.plist */ = {isa = PBXFileReference; lastKnownFileType = text.plist.xml; path = Info.plist; sourceTree = "<group>"; };
		18B84BD52A27B8B9003F21CB /* MyCellTableViewCell.swift */ = {isa = PBXFileReference; lastKnownFileType = sourcecode.swift; path = MyCellTableViewCell.swift; sourceTree = "<group>"; };
		18B84BDE2A27F9DE003F21CB /* LeadersModel.swift */ = {isa = PBXFileReference; lastKnownFileType = sourcecode.swift; path = LeadersModel.swift; sourceTree = "<group>"; };
		18B84BE02A27FB51003F21CB /* WebService.swift */ = {isa = PBXFileReference; lastKnownFileType = sourcecode.swift; path = WebService.swift; sourceTree = "<group>"; };
		18B84BE22A2801F6003F21CB /* DailyListViewModel.swift */ = {isa = PBXFileReference; lastKnownFileType = sourcecode.swift; path = DailyListViewModel.swift; sourceTree = "<group>"; };
/* End PBXFileReference section */

/* Begin PBXFrameworksBuildPhase section */
		18B84BBB2A27B675003F21CB /* Frameworks */ = {
			isa = PBXFrameworksBuildPhase;
			buildActionMask = 2147483647;
			files = (
				18B84BE62A2806DA003F21CB /* Kingfisher in Frameworks */,
			);
			runOnlyForDeploymentPostprocessing = 0;
		};
/* End PBXFrameworksBuildPhase section */

/* Begin PBXGroup section */
		18B84BB52A27B675003F21CB = {
			isa = PBXGroup;
			children = (
				18B84BC02A27B675003F21CB /* CheesLeadersMVVM */,
				18B84BBF2A27B675003F21CB /* Products */,
			);
			sourceTree = "<group>";
		};
		18B84BBF2A27B675003F21CB /* Products */ = {
			isa = PBXGroup;
			children = (
				18B84BBE2A27B675003F21CB /* CheesLeadersMVVM.app */,
			);
			name = Products;
			sourceTree = "<group>";
		};
		18B84BC02A27B675003F21CB /* CheesLeadersMVVM */ = {
			isa = PBXGroup;
			children = (
				18B84BDC2A27EAB7003F21CB /* Services */,
				18B84BDB2A27EAAA003F21CB /* ViewModel */,
				18B84BDA2A27EAA0003F21CB /* Model */,
				18B84BD92A27EA8D003F21CB /* View */,
				18B84BC72A27B675003F21CB /* Main.storyboard */,
				18B84BC32A27B675003F21CB /* SceneDelegate.swift */,
				18B84BC12A27B675003F21CB /* AppDelegate.swift */,
				18B84BCA2A27B676003F21CB /* Assets.xcassets */,
				18B84BCC2A27B676003F21CB /* LaunchScreen.storyboard */,
				18B84BCF2A27B676003F21CB /* Info.plist */,
			);
			path = CheesLeadersMVVM;
			sourceTree = "<group>";
		};
		18B84BD92A27EA8D003F21CB /* View */ = {
			isa = PBXGroup;
			children = (
				18B84BD52A27B8B9003F21CB /* MyCellTableViewCell.swift */,
				18B84BC52A27B675003F21CB /* ViewController.swift */,
				184A60332A289E7800BE925E /* FirstTabbarViewController.swift */,
				184A60352A289F8000BE925E /* SecondTabbarViewController.swift */,
				184A60372A28A5AF00BE925E /* ThirdTabbarViewController.swift */,
			);
			name = View;
			path = "vİEW";
			sourceTree = "<group>";
		};
		18B84BDA2A27EAA0003F21CB /* Model */ = {
			isa = PBXGroup;
			children = (
				18B84BDE2A27F9DE003F21CB /* LeadersModel.swift */,
			);
			path = Model;
			sourceTree = "<group>";
		};
		18B84BDB2A27EAAA003F21CB /* ViewModel */ = {
			isa = PBXGroup;
			children = (
				18B84BE22A2801F6003F21CB /* DailyListViewModel.swift */,
				184A60392A28AFB000BE925E /* RushListViewModel.swift */,
				184A603B2A28B5E200BE925E /* BattleViewModel.swift */,
			);
			path = ViewModel;
			sourceTree = "<group>";
		};
		18B84BDC2A27EAB7003F21CB /* Services */ = {
			isa = PBXGroup;
			children = (
				18B84BE02A27FB51003F21CB /* WebService.swift */,
			);
			path = Services;
			sourceTree = "<group>";
		};
/* End PBXGroup section */

/* Begin PBXNativeTarget section */
		18B84BBD2A27B675003F21CB /* CheesLeadersMVVM */ = {
			isa = PBXNativeTarget;
			buildConfigurationList = 18B84BD22A27B676003F21CB /* Build configuration list for PBXNativeTarget "CheesLeadersMVVM" */;
			buildPhases = (
				18B84BBA2A27B675003F21CB /* Sources */,
				18B84BBB2A27B675003F21CB /* Frameworks */,
				18B84BBC2A27B675003F21CB /* Resources */,
			);
			buildRules = (
			);
			dependencies = (
			);
			name = CheesLeadersMVVM;
			packageProductDependencies = (
				18B84BE52A2806DA003F21CB /* Kingfisher */,
			);
			productName = CheesLeadersMVVM;
			productReference = 18B84BBE2A27B675003F21CB /* CheesLeadersMVVM.app */;
			productType = "com.apple.product-type.application";
		};
/* End PBXNativeTarget section */

/* Begin PBXProject section */
		18B84BB62A27B675003F21CB /* Project object */ = {
			isa = PBXProject;
			attributes = {
				BuildIndependentTargetsInParallel = 1;
				LastSwiftUpdateCheck = 1430;
				LastUpgradeCheck = 1430;
				TargetAttributes = {
					18B84BBD2A27B675003F21CB = {
						CreatedOnToolsVersion = 14.3;
					};
				};
			};
			buildConfigurationList = 18B84BB92A27B675003F21CB /* Build configuration list for PBXProject "CheesLeadersMVVM" */;
			compatibilityVersion = "Xcode 14.0";
			developmentRegion = en;
			hasScannedForEncodings = 0;
			knownRegions = (
				en,
				Base,
			);
			mainGroup = 18B84BB52A27B675003F21CB;
			packageReferences = (
				18B84BE42A2806DA003F21CB /* XCRemoteSwiftPackageReference "Kingfisher" */,
			);
			productRefGroup = 18B84BBF2A27B675003F21CB /* Products */;
			projectDirPath = "";
			projectRoot = "";
			targets = (
				18B84BBD2A27B675003F21CB /* CheesLeadersMVVM */,
			);
		};
/* End PBXProject section */

/* Begin PBXResourcesBuildPhase section */
		18B84BBC2A27B675003F21CB /* Resources */ = {
			isa = PBXResourcesBuildPhase;
			buildActionMask = 2147483647;
			files = (
				18B84BCE2A27B676003F21CB /* LaunchScreen.storyboard in Resources */,
				18B84BCB2A27B676003F21CB /* Assets.xcassets in Resources */,
				18B84BC92A27B675003F21CB /* Main.storyboard in Resources */,
			);
			runOnlyForDeploymentPostprocessing = 0;
		};
/* End PBXResourcesBuildPhase section */

/* Begin PBXSourcesBuildPhase section */
		18B84BBA2A27B675003F21CB /* Sources */ = {
			isa = PBXSourcesBuildPhase;
			buildActionMask = 2147483647;
			files = (
				184A60382A28A5AF00BE925E /* ThirdTabbarViewController.swift in Sources */,
				18B84BC62A27B675003F21CB /* ViewController.swift in Sources */,
				18B84BE32A2801F6003F21CB /* DailyListViewModel.swift in Sources */,
				18B84BD62A27B8B9003F21CB /* MyCellTableViewCell.swift in Sources */,
				18B84BE12A27FB51003F21CB /* WebService.swift in Sources */,
				184A60362A289F8000BE925E /* SecondTabbarViewController.swift in Sources */,
				18B84BDF2A27F9DE003F21CB /* LeadersModel.swift in Sources */,
				184A60342A289E7800BE925E /* FirstTabbarViewController.swift in Sources */,
				184A603C2A28B5E200BE925E /* BattleViewModel.swift in Sources */,
				18B84BC22A27B675003F21CB /* AppDelegate.swift in Sources */,
				18B84BC42A27B675003F21CB /* SceneDelegate.swift in Sources */,
				184A603A2A28AFB000BE925E /* RushListViewModel.swift in Sources */,
			);
			runOnlyForDeploymentPostprocessing = 0;
		};
/* End PBXSourcesBuildPhase section */

/* Begin PBXVariantGroup section */
		18B84BC72A27B675003F21CB /* Main.storyboard */ = {
			isa = PBXVariantGroup;
			children = (
				18B84BC82A27B675003F21CB /* Base */,
			);
			name = Main.storyboard;
			sourceTree = "<group>";
		};
		18B84BCC2A27B676003F21CB /* LaunchScreen.storyboard */ = {
			isa = PBXVariantGroup;
			children = (
				18B84BCD2A27B676003F21CB /* Base */,
			);
			name = LaunchScreen.storyboard;
			sourceTree = "<group>";
		};
/* End PBXVariantGroup section */

/* Begin XCBuildConfiguration section */
		18B84BD02A27B676003F21CB /* Debug */ = {
			isa = XCBuildConfiguration;
			buildSettings = {
				ALWAYS_SEARCH_USER_PATHS = NO;
				CLANG_ANALYZER_NONNULL = YES;
				CLANG_ANALYZER_NUMBER_OBJECT_CONVERSION = YES_AGGRESSIVE;
				CLANG_CXX_LANGUAGE_STANDARD = "gnu++20";
				CLANG_ENABLE_MODULES = YES;
				CLANG_ENABLE_OBJC_ARC = YES;
				CLANG_ENABLE_OBJC_WEAK = YES;
				CLANG_WARN_BLOCK_CAPTURE_AUTORELEASING = YES;
				CLANG_WARN_BOOL_CONVERSION = YES;
				CLANG_WARN_COMMA = YES;
				CLANG_WARN_CONSTANT_CONVERSION = YES;
				CLANG_WARN_DEPRECATED_OBJC_IMPLEMENTATIONS = YES;
				CLANG_WARN_DIRECT_OBJC_ISA_USAGE = YES_ERROR;
				CLANG_WARN_DOCUMENTATION_COMMENTS = YES;
				CLANG_WARN_EMPTY_BODY = YES;
				CLANG_WARN_ENUM_CONVERSION = YES;
				CLANG_WARN_INFINITE_RECURSION = YES;
				CLANG_WARN_INT_CONVERSION = YES;
				CLANG_WARN_NON_LITERAL_NULL_CONVERSION = YES;
				CLANG_WARN_OBJC_IMPLICIT_RETAIN_SELF = YES;
				CLANG_WARN_OBJC_LITERAL_CONVERSION = YES;
				CLANG_WARN_OBJC_ROOT_CLASS = YES_ERROR;
				CLANG_WARN_QUOTED_INCLUDE_IN_FRAMEWORK_HEADER = YES;
				CLANG_WARN_RANGE_LOOP_ANALYSIS = YES;
				CLANG_WARN_STRICT_PROTOTYPES = YES;
				CLANG_WARN_SUSPICIOUS_MOVE = YES;
				CLANG_WARN_UNGUARDED_AVAILABILITY = YES_AGGRESSIVE;
				CLANG_WARN_UNREACHABLE_CODE = YES;
				CLANG_WARN__DUPLICATE_METHOD_MATCH = YES;
				COPY_PHASE_STRIP = NO;
				DEBUG_INFORMATION_FORMAT = dwarf;
				ENABLE_STRICT_OBJC_MSGSEND = YES;
				ENABLE_TESTABILITY = YES;
				GCC_C_LANGUAGE_STANDARD = gnu11;
				GCC_DYNAMIC_NO_PIC = NO;
				GCC_NO_COMMON_BLOCKS = YES;
				GCC_OPTIMIZATION_LEVEL = 0;
				GCC_PREPROCESSOR_DEFINITIONS = (
					"DEBUG=1",
					"$(inherited)",
				);
				GCC_WARN_64_TO_32_BIT_CONVERSION = YES;
				GCC_WARN_ABOUT_RETURN_TYPE = YES_ERROR;
				GCC_WARN_UNDECLARED_SELECTOR = YES;
				GCC_WARN_UNINITIALIZED_AUTOS = YES_AGGRESSIVE;
				GCC_WARN_UNUSED_FUNCTION = YES;
				GCC_WARN_UNUSED_VARIABLE = YES;
				IPHONEOS_DEPLOYMENT_TARGET = 16.4;
				MTL_ENABLE_DEBUG_INFO = INCLUDE_SOURCE;
				MTL_FAST_MATH = YES;
				ONLY_ACTIVE_ARCH = YES;
				SDKROOT = iphoneos;
				SWIFT_ACTIVE_COMPILATION_CONDITIONS = DEBUG;
				SWIFT_OPTIMIZATION_LEVEL = "-Onone";
			};
			name = Debug;
		};
		18B84BD12A27B676003F21CB /* Release */ = {
			isa = XCBuildConfiguration;
			buildSettings = {
				ALWAYS_SEARCH_USER_PATHS = NO;
				CLANG_ANALYZER_NONNULL = YES;
				CLANG_ANALYZER_NUMBER_OBJECT_CONVERSION = YES_AGGRESSIVE;
				CLANG_CXX_LANGUAGE_STANDARD = "gnu++20";
				CLANG_ENABLE_MODULES = YES;
				CLANG_ENABLE_OBJC_ARC = YES;
				CLANG_ENABLE_OBJC_WEAK = YES;
				CLANG_WARN_BLOCK_CAPTURE_AUTORELEASING = YES;
				CLANG_WARN_BOOL_CONVERSION = YES;
				CLANG_WARN_COMMA = YES;
				CLANG_WARN_CONSTANT_CONVERSION = YES;
				CLANG_WARN_DEPRECATED_OBJC_IMPLEMENTATIONS = YES;
				CLANG_WARN_DIRECT_OBJC_ISA_USAGE = YES_ERROR;
				CLANG_WARN_DOCUMENTATION_COMMENTS = YES;
				CLANG_WARN_EMPTY_BODY = YES;
				CLANG_WARN_ENUM_CONVERSION = YES;
				CLANG_WARN_INFINITE_RECURSION = YES;
				CLANG_WARN_INT_CONVERSION = YES;
				CLANG_WARN_NON_LITERAL_NULL_CONVERSION = YES;
				CLANG_WARN_OBJC_IMPLICIT_RETAIN_SELF = YES;
				CLANG_WARN_OBJC_LITERAL_CONVERSION = YES;
				CLANG_WARN_OBJC_ROOT_CLASS = YES_ERROR;
				CLANG_WARN_QUOTED_INCLUDE_IN_FRAMEWORK_HEADER = YES;
				CLANG_WARN_RANGE_LOOP_ANALYSIS = YES;
				CLANG_WARN_STRICT_PROTOTYPES = YES;
				CLANG_WARN_SUSPICIOUS_MOVE = YES;
				CLANG_WARN_UNGUARDED_AVAILABILITY = YES_AGGRESSIVE;
				CLANG_WARN_UNREACHABLE_CODE = YES;
				CLANG_WARN__DUPLICATE_METHOD_MATCH = YES;
				COPY_PHASE_STRIP = NO;
				DEBUG_INFORMATION_FORMAT = "dwarf-with-dsym";
				ENABLE_NS_ASSERTIONS = NO;
				ENABLE_STRICT_OBJC_MSGSEND = YES;
				GCC_C_LANGUAGE_STANDARD = gnu11;
				GCC_NO_COMMON_BLOCKS = YES;
				GCC_WARN_64_TO_32_BIT_CONVERSION = YES;
				GCC_WARN_ABOUT_RETURN_TYPE = YES_ERROR;
				GCC_WARN_UNDECLARED_SELECTOR = YES;
				GCC_WARN_UNINITIALIZED_AUTOS = YES_AGGRESSIVE;
				GCC_WARN_UNUSED_FUNCTION = YES;
				GCC_WARN_UNUSED_VARIABLE = YES;
				IPHONEOS_DEPLOYMENT_TARGET = 16.4;
				MTL_ENABLE_DEBUG_INFO = NO;
				MTL_FAST_MATH = YES;
				SDKROOT = iphoneos;
				SWIFT_COMPILATION_MODE = wholemodule;
				SWIFT_OPTIMIZATION_LEVEL = "-O";
				VALIDATE_PRODUCT = YES;
			};
			name = Release;
		};
		18B84BD32A27B676003F21CB /* Debug */ = {
			isa = XCBuildConfiguration;
			buildSettings = {
				ASSETCATALOG_COMPILER_APPICON_NAME = AppIcon;
				ASSETCATALOG_COMPILER_GLOBAL_ACCENT_COLOR_NAME = AccentColor;
				CODE_SIGN_STYLE = Automatic;
				CURRENT_PROJECT_VERSION = 1;
				DEVELOPMENT_TEAM = JXQ3D6TTN6;
				GENERATE_INFOPLIST_FILE = YES;
				INFOPLIST_FILE = CheesLeadersMVVM/Info.plist;
				INFOPLIST_KEY_UIApplicationSupportsIndirectInputEvents = YES;
				INFOPLIST_KEY_UILaunchStoryboardName = LaunchScreen;
				INFOPLIST_KEY_UIMainStoryboardFile = Main;
				INFOPLIST_KEY_UIRequiresFullScreen = YES;
				INFOPLIST_KEY_UIStatusBarStyle = "";
				INFOPLIST_KEY_UISupportedInterfaceOrientations = UIInterfaceOrientationPortrait;
				LD_RUNPATH_SEARCH_PATHS = (
					"$(inherited)",
					"@executable_path/Frameworks",
				);
				MARKETING_VERSION = 1.0;
				PRODUCT_BUNDLE_IDENTIFIER = com.cengizhankervanci.CheesLeadersMVVM;
				PRODUCT_NAME = "$(TARGET_NAME)";
				SWIFT_EMIT_LOC_STRINGS = YES;
				SWIFT_VERSION = 5.0;
				TARGETED_DEVICE_FAMILY = "1,2";
			};
			name = Debug;
		};
		18B84BD42A27B676003F21CB /* Release */ = {
			isa = XCBuildConfiguration;
			buildSettings = {
				ASSETCATALOG_COMPILER_APPICON_NAME = AppIcon;
				ASSETCATALOG_COMPILER_GLOBAL_ACCENT_COLOR_NAME = AccentColor;
				CODE_SIGN_STYLE = Automatic;
				CURRENT_PROJECT_VERSION = 1;
				DEVELOPMENT_TEAM = JXQ3D6TTN6;
				GENERATE_INFOPLIST_FILE = YES;
				INFOPLIST_FILE = CheesLeadersMVVM/Info.plist;
				INFOPLIST_KEY_UIApplicationSupportsIndirectInputEvents = YES;
				INFOPLIST_KEY_UILaunchStoryboardName = LaunchScreen;
				INFOPLIST_KEY_UIMainStoryboardFile = Main;
				INFOPLIST_KEY_UIRequiresFullScreen = YES;
				INFOPLIST_KEY_UIStatusBarStyle = "";
				INFOPLIST_KEY_UISupportedInterfaceOrientations = UIInterfaceOrientationPortrait;
				LD_RUNPATH_SEARCH_PATHS = (
					"$(inherited)",
					"@executable_path/Frameworks",
				);
				MARKETING_VERSION = 1.0;
				PRODUCT_BUNDLE_IDENTIFIER = com.cengizhankervanci.CheesLeadersMVVM;
				PRODUCT_NAME = "$(TARGET_NAME)";
				SWIFT_EMIT_LOC_STRINGS = YES;
				SWIFT_VERSION = 5.0;
				TARGETED_DEVICE_FAMILY = "1,2";
			};
			name = Release;
		};
/* End XCBuildConfiguration section */

/* Begin XCConfigurationList section */
		18B84BB92A27B675003F21CB /* Build configuration list for PBXProject "CheesLeadersMVVM" */ = {
			isa = XCConfigurationList;
			buildConfigurations = (
				18B84BD02A27B676003F21CB /* Debug */,
				18B84BD12A27B676003F21CB /* Release */,
			);
			defaultConfigurationIsVisible = 0;
			defaultConfigurationName = Release;
		};
		18B84BD22A27B676003F21CB /* Build configuration list for PBXNativeTarget "CheesLeadersMVVM" */ = {
			isa = XCConfigurationList;
			buildConfigurations = (
				18B84BD32A27B676003F21CB /* Debug */,
				18B84BD42A27B676003F21CB /* Release */,
			);
			defaultConfigurationIsVisible = 0;
			defaultConfigurationName = Release;
		};
/* End XCConfigurationList section */

/* Begin XCRemoteSwiftPackageReference section */
		18B84BE42A2806DA003F21CB /* XCRemoteSwiftPackageReference "Kingfisher" */ = {
			isa = XCRemoteSwiftPackageReference;
			repositoryURL = "https://github.com/onevcat/Kingfisher.git";
			requirement = {
				kind = upToNextMajorVersion;
				minimumVersion = 7.0.0;
			};
		};
/* End XCRemoteSwiftPackageReference section */

/* Begin XCSwiftPackageProductDependency section */
		18B84BE52A2806DA003F21CB /* Kingfisher */ = {
			isa = XCSwiftPackageProductDependency;
			package = 18B84BE42A2806DA003F21CB /* XCRemoteSwiftPackageReference "Kingfisher" */;
			productName = Kingfisher;
		};
/* End XCSwiftPackageProductDependency section */
	};
	rootObject = 18B84BB62A27B675003F21CB /* Project object */;
}
